<?xml version="1.0" encoding="utf-8"?>
<Project ToolsVersion="4.0" xmlns="http://schemas.microsoft.com/developer/msbuild/2003">
  <ItemGroup>
    <Filter Include="源文件">
      <UniqueIdentifier>{4FC737F1-C7A5-4376-A066-2A32D752A2FF}</UniqueIdentifier>
      <Extensions>cpp;c;cc;cxx;c++;cppm;ixx;def;odl;idl;hpj;bat;asm;asmx</Extensions>
    </Filter>
    <Filter Include="头文件">
      <UniqueIdentifier>{93995380-89BD-4b04-88EB-625FBE52EBFB}</UniqueIdentifier>
      <Extensions>h;hh;hpp;hxx;h++;hm;inl;inc;ipp;xsd</Extensions>
    </Filter>
    <Filter Include="资源文件">
      <UniqueIdentifier>{67DA6AB6-F800-4c08-8B7A-83BB121AAD01}</UniqueIdentifier>
      <Extensions>rc;ico;cur;bmp;dlg;rc2;rct;bin;rgs;gif;jpg;jpeg;jpe;resx;tiff;tif;png;wav;mfcribbon-ms</Extensions>
    </Filter>
  </ItemGroup>
  <ItemGroup>
    <ClCompile Include="03findrepeatnumber.cpp">
      <Filter>源文件</Filter>
    </ClCompile>
    <ClCompile Include="main.cpp">
      <Filter>源文件</Filter>
    </ClCompile>
    <ClCompile Include="211WordDictionary.cpp">
      <Filter>源文件</Filter>
    </ClCompile>
    <ClCompile Include="208Trie.cpp">
      <Filter>源文件</Filter>
    </ClCompile>
    <ClCompile Include="453minMoves.cpp">
      <Filter>源文件</Filter>
    </ClCompile>
    <ClCompile Include="66PlusOne.cpp">
      <Filter>源文件</Filter>
    </ClCompile>
    <ClCompile Include="229MajorityElement.cpp">
      <Filter>源文件</Filter>
    </ClCompile>
    <ClCompile Include="492constructRectangle.cpp">
      <Filter>源文件</Filter>
    </ClCompile>
    <ClCompile Include="638shoppingOffers.cpp">
      <Filter>源文件</Filter>
    </ClCompile>
    <ClCompile Include="240searchMatrix.cpp">
      <Filter>源文件</Filter>
    </ClCompile>
    <ClCompile Include="496nextGreaterElement.cpp">
      <Filter>源文件</Filter>
    </ClCompile>
    <ClCompile Include="301removeInvalidParentheses.cpp">
      <Filter>源文件</Filter>
    </ClCompile>
    <ClCompile Include="10numWays.cpp">
      <Filter>源文件</Filter>
    </ClCompile>
    <ClCompile Include="10fib.cpp">
      <Filter>源文件</Filter>
    </ClCompile>
    <ClCompile Include="869reorderedPowerOf2.cpp">
      <Filter>源文件</Filter>
    </ClCompile>
    <ClCompile Include="335isSelfCrossing.cpp">
      <Filter>源文件</Filter>
    </ClCompile>
    <ClCompile Include="04findNumberIn2DArray.cpp">
      <Filter>源文件</Filter>
    </ClCompile>
    <ClCompile Include="260singleNumber.cpp">
      <Filter>源文件</Filter>
    </ClCompile>
    <ClCompile Include="500findWords.cpp">
      <Filter>源文件</Filter>
    </ClCompile>
    <ClCompile Include="575distributeCandies.cpp">
      <Filter>源文件</Filter>
    </ClCompile>
    <ClCompile Include="237deleteNode.cpp">
      <Filter>源文件</Filter>
    </ClCompile>
    <ClCompile Include="407trapRainWater.cpp">
      <Filter>源文件</Filter>
    </ClCompile>
    <ClCompile Include="1twoSum.cpp">
      <Filter>源文件</Filter>
    </ClCompile>
    <ClCompile Include="367isPerfectSquare.cpp">
      <Filter>源文件</Filter>
    </ClCompile>
    <ClCompile Include="1218longestSubsequence.cpp">
      <Filter>源文件</Filter>
    </ClCompile>
    <ClCompile Include="268missingNumber.cpp">
      <Filter>源文件</Filter>
    </ClCompile>
    <ClCompile Include="598maxCount.cpp">
      <Filter>源文件</Filter>
    </ClCompile>
    <ClCompile Include="299getHint.cpp">
      <Filter>源文件</Filter>
    </ClCompile>
    <ClCompile Include="11minArray.cpp">
      <Filter>源文件</Filter>
    </ClCompile>
    <ClCompile Include="488findMinStep.cpp">
      <Filter>源文件</Filter>
    </ClCompile>
    <ClCompile Include="495findPoisonedDuration.cpp">
      <Filter>源文件</Filter>
    </ClCompile>
  </ItemGroup>
  <ItemGroup>
    <ClInclude Include="functions.h">
      <Filter>头文件</Filter>
    </ClInclude>
  </ItemGroup>
</Project>